{
  "nodes": {
    "nixPackages": {
      "locked": {
        "lastModified": 1728627514,
        "narHash": "sha256-r+SF9AnHrTg+bk6YszoKfV9lgyw+yaFUQe0dOjI0Z2o=",
        "owner": "NixOS",
        "repo": "nixpkgs",
        "rev": "c505ebf777526041d792a49d5f6dd4095ea391a7",
        "type": "github"
      },
      "original": {
        "owner": "NixOS",
        "ref": "nixos-24.05",
        "repo": "nixpkgs",
        "type": "github"
      }
    },
    "nixPackagesUnstable": {
      "locked": {
        "lastModified": 1735291276,
        "narHash": "sha256-NYVcA06+blsLG6wpAbSPTCyLvxD/92Hy4vlY9WxFI1M=",
        "owner": "NixOS",
        "repo": "nixpkgs",
        "rev": "634fd46801442d760e09493a794c4f15db2d0cbb",
        "type": "github"
      },
      "original": {
        "owner": "NixOS",
        "ref": "nixos-unstable",
        "repo": "nixpkgs",
        "type": "github"
      }
    },
    "root": {
      "inputs": {
        "nixPackages": "nixPackages",
        "nixPackagesUnstable": "nixPackagesUnstable"
      }
    }
  },
  "root": "root",
  "version": 7
}
